
Microsoft Visual Studio Solution File, Format Version 12.00
# Visual Studio 2012
Project("{FAE04EC0-301F-11D3-BF4B-00C04F79EFBC}") = "GAS", "GAS\GAS.csproj", "{A284851D-F1AC-402A-A49F-8BB09BDB687D}"
EndProject
Project("{FAE04EC0-301F-11D3-BF4B-00C04F79EFBC}") = "GAS.Core", "GAS.Core\GAS.Core.csproj", "{14E25EB2-BE99-4157-AA66-2B1606466927}"
EndProject
Project("{FAE04EC0-301F-11D3-BF4B-00C04F79EFBC}") = "GAS.TUI", "GAS.TUI\GAS.TUI.csproj", "{DC3168C0-BF20-4FE7-B60E-11F383B83D69}"
EndProject
Project("{FAE04EC0-301F-11D3-BF4B-00C04F79EFBC}") = "DBG.Solution", "DBG.Solution\DBG.Solution.csproj", "{66469E69-F3DD-4904-907C-3E21AAC9AD86}"
EndProject
Global
	GlobalSection(SolutionConfigurationPlatforms) = preSolution
		Debug|Any CPU = Debug|Any CPU
		Debug|Mixed Platforms = Debug|Mixed Platforms
		Debug|x86 = Debug|x86
		Release|Any CPU = Release|Any CPU
		Release|Mixed Platforms = Release|Mixed Platforms
		Release|x86 = Release|x86
	EndGlobalSection
	GlobalSection(ProjectConfigurationPlatforms) = postSolution
		{A284851D-F1AC-402A-A49F-8BB09BDB687D}.Debug|Any CPU.ActiveCfg = Debug|x86
		{A284851D-F1AC-402A-A49F-8BB09BDB687D}.Debug|Mixed Platforms.ActiveCfg = Debug|x86
		{A284851D-F1AC-402A-A49F-8BB09BDB687D}.Debug|Mixed Platforms.Build.0 = Debug|x86
		{A284851D-F1AC-402A-A49F-8BB09BDB687D}.Debug|x86.ActiveCfg = Debug|x86
		{A284851D-F1AC-402A-A49F-8BB09BDB687D}.Debug|x86.Build.0 = Debug|x86
		{A284851D-F1AC-402A-A49F-8BB09BDB687D}.Release|Any CPU.ActiveCfg = Release|x86
		{A284851D-F1AC-402A-A49F-8BB09BDB687D}.Release|Mixed Platforms.ActiveCfg = Release|x86
		{A284851D-F1AC-402A-A49F-8BB09BDB687D}.Release|Mixed Platforms.Build.0 = Release|x86
		{A284851D-F1AC-402A-A49F-8BB09BDB687D}.Release|x86.ActiveCfg = Release|x86
		{A284851D-F1AC-402A-A49F-8BB09BDB687D}.Release|x86.Build.0 = Release|x86
		{14E25EB2-BE99-4157-AA66-2B1606466927}.Debug|Any CPU.ActiveCfg = Debug|Any CPU
		{14E25EB2-BE99-4157-AA66-2B1606466927}.Debug|Any CPU.Build.0 = Debug|Any CPU
		{14E25EB2-BE99-4157-AA66-2B1606466927}.Debug|Mixed Platforms.ActiveCfg = Debug|Any CPU
		{14E25EB2-BE99-4157-AA66-2B1606466927}.Debug|Mixed Platforms.Build.0 = Debug|Any CPU
		{14E25EB2-BE99-4157-AA66-2B1606466927}.Debug|x86.ActiveCfg = Debug|Any CPU
		{14E25EB2-BE99-4157-AA66-2B1606466927}.Release|Any CPU.ActiveCfg = Release|Any CPU
		{14E25EB2-BE99-4157-AA66-2B1606466927}.Release|Any CPU.Build.0 = Release|Any CPU
		{14E25EB2-BE99-4157-AA66-2B1606466927}.Release|Mixed Platforms.ActiveCfg = Release|Any CPU
		{14E25EB2-BE99-4157-AA66-2B1606466927}.Release|Mixed Platforms.Build.0 = Release|Any CPU
		{14E25EB2-BE99-4157-AA66-2B1606466927}.Release|x86.ActiveCfg = Release|Any CPU
		{DC3168C0-BF20-4FE7-B60E-11F383B83D69}.Debug|Any CPU.ActiveCfg = Debug|x86
		{DC3168C0-BF20-4FE7-B60E-11F383B83D69}.Debug|Mixed Platforms.ActiveCfg = Debug|x86
		{DC3168C0-BF20-4FE7-B60E-11F383B83D69}.Debug|Mixed Platforms.Build.0 = Debug|x86
		{DC3168C0-BF20-4FE7-B60E-11F383B83D69}.Debug|x86.ActiveCfg = Debug|x86
		{DC3168C0-BF20-4FE7-B60E-11F383B83D69}.Debug|x86.Build.0 = Debug|x86
		{DC3168C0-BF20-4FE7-B60E-11F383B83D69}.Release|Any CPU.ActiveCfg = Release|x86
		{DC3168C0-BF20-4FE7-B60E-11F383B83D69}.Release|Mixed Platforms.ActiveCfg = Release|x86
		{DC3168C0-BF20-4FE7-B60E-11F383B83D69}.Release|Mixed Platforms.Build.0 = Release|x86
		{DC3168C0-BF20-4FE7-B60E-11F383B83D69}.Release|x86.ActiveCfg = Release|x86
		{DC3168C0-BF20-4FE7-B60E-11F383B83D69}.Release|x86.Build.0 = Release|x86
		{66469E69-F3DD-4904-907C-3E21AAC9AD86}.Debug|Any CPU.ActiveCfg = Debug|Any CPU
		{66469E69-F3DD-4904-907C-3E21AAC9AD86}.Debug|Any CPU.Build.0 = Debug|Any CPU
		{66469E69-F3DD-4904-907C-3E21AAC9AD86}.Debug|Mixed Platforms.ActiveCfg = Debug|Any CPU
		{66469E69-F3DD-4904-907C-3E21AAC9AD86}.Debug|Mixed Platforms.Build.0 = Debug|Any CPU
		{66469E69-F3DD-4904-907C-3E21AAC9AD86}.Debug|x86.ActiveCfg = Debug|Any CPU
		{66469E69-F3DD-4904-907C-3E21AAC9AD86}.Release|Any CPU.ActiveCfg = Release|Any CPU
		{66469E69-F3DD-4904-907C-3E21AAC9AD86}.Release|Any CPU.Build.0 = Release|Any CPU
		{66469E69-F3DD-4904-907C-3E21AAC9AD86}.Release|Mixed Platforms.ActiveCfg = Release|Any CPU
		{66469E69-F3DD-4904-907C-3E21AAC9AD86}.Release|Mixed Platforms.Build.0 = Release|Any CPU
		{66469E69-F3DD-4904-907C-3E21AAC9AD86}.Release|x86.ActiveCfg = Release|Any CPU
	EndGlobalSection
	GlobalSection(SolutionProperties) = preSolution
		HideSolutionNode = FALSE
	EndGlobalSection
EndGlobal
